
Microsoft Visual Studio Solution File, Format Version 12.00
# Visual Studio Version 17
VisualStudioVersion = 17.7.34221.43
MinimumVisualStudioVersion = 10.0.40219.1
Project("{FAE04EC0-301F-11D3-BF4B-00C04F79EFBC}") = "ToolTweaks", "ToolTweaks.csproj", "{636A7638-2949-4DC5-9529-5752975D642D}"
EndProject
Global
	GlobalSection(SolutionConfigurationPlatforms) = preSolution
		Debug|Any CPU = Debug|Any CPU
		Release|Any CPU = Release|Any CPU
	EndGlobalSection
	GlobalSection(ProjectConfigurationPlatforms) = postSolution
		{636A7638-2949-4DC5-9529-5752975D642D}.Debug|Any CPU.ActiveCfg = Debug|Any CPU
		{636A7638-2949-4DC5-9529-5752975D642D}.Debug|Any CPU.Build.0 = Debug|Any CPU
		{636A7638-2949-4DC5-9529-5752975D642D}.Release|Any CPU.ActiveCfg = Release|Any CPU
		{636A7638-2949-4DC5-9529-5752975D642D}.Release|Any CPU.Build.0 = Release|Any CPU
	EndGlobalSection
	GlobalSection(SolutionProperties) = preSolution
		HideSolutionNode = FALSE
	EndGlobalSection
	GlobalSection(ExtensibilityGlobals) = postSolution
		SolutionGuid = {17F31329-8BF3-481B-B3C2-394FDA6E9C12}
	EndGlobalSection
EndGlobal
